
Microsoft Visual Studio Solution File, Format Version 12.00
# Visual Studio Version 16
VisualStudioVersion = 16.6.30114.105
MinimumVisualStudioVersion = 10.0.40219.1
Project("{9A19103F-16F7-4668-BE54-9A1E7A4F7556}") = "Tender.Products", "Tender.Products\Tender.Products.csproj", "{1CBB768C-543C-4673-A5ED-0E6D99A86ABE}"
EndProject
Project("{2150E333-8FDC-42A3-9474-1A3956D46DE8}") = "Products", "Products", "{489F6027-7F24-4A7C-8832-53AAF255E7F3}"
EndProject
Project("{2150E333-8FDC-42A3-9474-1A3956D46DE8}") = "src", "src", "{87EEED14-D582-4723-AB6F-08130B778033}"
EndProject
Project("{2150E333-8FDC-42A3-9474-1A3956D46DE8}") = "ApiGateway", "ApiGateway", "{BBB6C910-FE05-4E4E-81E3-BD1C92544E8A}"
EndProject
Project("{2150E333-8FDC-42A3-9474-1A3956D46DE8}") = "Services", "Services", "{82E7CE1F-D0E2-486A-BE94-5AD0D0A9957C}"
EndProject
Project("{2150E333-8FDC-42A3-9474-1A3956D46DE8}") = "WebApp", "WebApp", "{4D7F6C53-E85B-4CCF-88D8-A6836D6EF2E5}"
EndProject
Project("{2150E333-8FDC-42A3-9474-1A3956D46DE8}") = "Common", "Common", "{5C29BCD4-54C1-496D-84BE-35C5C65E032B}"
EndProject
Project("{2150E333-8FDC-42A3-9474-1A3956D46DE8}") = "Order", "Order", "{A87661EC-77E0-4F8F-8946-F9373C3E8638}"
EndProject
Project("{2150E333-8FDC-42A3-9474-1A3956D46DE8}") = "Tendering", "Tendering", "{AAA63897-D232-4E10-97B0-408C1C7D05A2}"
EndProject
Project("{E53339B2-1760-4266-BCC7-CA923CBCF16C}") = "docker-compose", "docker-compose.dcproj", "{A89C4185-B14A-4ECB-A38D-3196F98BF12B}"
EndProject
Project("{9A19103F-16F7-4668-BE54-9A1E7A4F7556}") = "Tender.Tendering", "Tender.Tendering\Tender.Tendering.csproj", "{D8E1F50B-52F6-4564-A110-7965E5D59D06}"
EndProject
Project("{FAE04EC0-301F-11D3-BF4B-00C04F79EFBC}") = "EventBusRabbitMQ1", "EventBusRabbitMQ1\EventBusRabbitMQ1.csproj", "{6B2E2B5D-7E9B-42E7-9781-FA7F28045629}"
EndProject
Project("{FAE04EC0-301F-11D3-BF4B-00C04F79EFBC}") = "Tender.Order", "Tender.Order\Tender.Order.csproj", "{81261E0F-3D25-4215-A019-CDEA236C805F}"
EndProject
Project("{FAE04EC0-301F-11D3-BF4B-00C04F79EFBC}") = "Ordering.Domain", "Ordering.Domain\Ordering.Domain.csproj", "{4DECDA33-C7A6-436E-BAAB-6BC28D5B29F9}"
EndProject
Project("{FAE04EC0-301F-11D3-BF4B-00C04F79EFBC}") = "Ordering.Application", "Ordering.Application\Ordering.Application.csproj", "{43F1DD8D-3AA9-4552-8056-3517661BA90F}"
EndProject
Project("{FAE04EC0-301F-11D3-BF4B-00C04F79EFBC}") = "Ordering.Infrastructure", "Ordering.Infrastructure\Ordering.Infrastructure.csproj", "{0D7AF6F5-0C3D-45B8-BCDC-6FEC787CD4C7}"
EndProject
Global
	GlobalSection(SolutionConfigurationPlatforms) = preSolution
		Debug|Any CPU = Debug|Any CPU
		Debug|x64 = Debug|x64
		Debug|x86 = Debug|x86
		Release|Any CPU = Release|Any CPU
		Release|x64 = Release|x64
		Release|x86 = Release|x86
	EndGlobalSection
	GlobalSection(ProjectConfigurationPlatforms) = postSolution
		{1CBB768C-543C-4673-A5ED-0E6D99A86ABE}.Debug|Any CPU.ActiveCfg = Debug|Any CPU
		{1CBB768C-543C-4673-A5ED-0E6D99A86ABE}.Debug|Any CPU.Build.0 = Debug|Any CPU
		{1CBB768C-543C-4673-A5ED-0E6D99A86ABE}.Debug|x64.ActiveCfg = Debug|Any CPU
		{1CBB768C-543C-4673-A5ED-0E6D99A86ABE}.Debug|x64.Build.0 = Debug|Any CPU
		{1CBB768C-543C-4673-A5ED-0E6D99A86ABE}.Debug|x86.ActiveCfg = Debug|Any CPU
		{1CBB768C-543C-4673-A5ED-0E6D99A86ABE}.Debug|x86.Build.0 = Debug|Any CPU
		{1CBB768C-543C-4673-A5ED-0E6D99A86ABE}.Release|Any CPU.ActiveCfg = Release|Any CPU
		{1CBB768C-543C-4673-A5ED-0E6D99A86ABE}.Release|Any CPU.Build.0 = Release|Any CPU
		{1CBB768C-543C-4673-A5ED-0E6D99A86ABE}.Release|x64.ActiveCfg = Release|Any CPU
		{1CBB768C-543C-4673-A5ED-0E6D99A86ABE}.Release|x64.Build.0 = Release|Any CPU
		{1CBB768C-543C-4673-A5ED-0E6D99A86ABE}.Release|x86.ActiveCfg = Release|Any CPU
		{1CBB768C-543C-4673-A5ED-0E6D99A86ABE}.Release|x86.Build.0 = Release|Any CPU
		{A89C4185-B14A-4ECB-A38D-3196F98BF12B}.Debug|Any CPU.ActiveCfg = Debug|Any CPU
		{A89C4185-B14A-4ECB-A38D-3196F98BF12B}.Debug|Any CPU.Build.0 = Debug|Any CPU
		{A89C4185-B14A-4ECB-A38D-3196F98BF12B}.Debug|x64.ActiveCfg = Debug|Any CPU
		{A89C4185-B14A-4ECB-A38D-3196F98BF12B}.Debug|x64.Build.0 = Debug|Any CPU
		{A89C4185-B14A-4ECB-A38D-3196F98BF12B}.Debug|x86.ActiveCfg = Debug|Any CPU
		{A89C4185-B14A-4ECB-A38D-3196F98BF12B}.Debug|x86.Build.0 = Debug|Any CPU
		{A89C4185-B14A-4ECB-A38D-3196F98BF12B}.Release|Any CPU.ActiveCfg = Release|Any CPU
		{A89C4185-B14A-4ECB-A38D-3196F98BF12B}.Release|Any CPU.Build.0 = Release|Any CPU
		{A89C4185-B14A-4ECB-A38D-3196F98BF12B}.Release|x64.ActiveCfg = Release|Any CPU
		{A89C4185-B14A-4ECB-A38D-3196F98BF12B}.Release|x64.Build.0 = Release|Any CPU
		{A89C4185-B14A-4ECB-A38D-3196F98BF12B}.Release|x86.ActiveCfg = Release|Any CPU
		{A89C4185-B14A-4ECB-A38D-3196F98BF12B}.Release|x86.Build.0 = Release|Any CPU
		{D8E1F50B-52F6-4564-A110-7965E5D59D06}.Debug|Any CPU.ActiveCfg = Debug|Any CPU
		{D8E1F50B-52F6-4564-A110-7965E5D59D06}.Debug|Any CPU.Build.0 = Debug|Any CPU
		{D8E1F50B-52F6-4564-A110-7965E5D59D06}.Debug|x64.ActiveCfg = Debug|Any CPU
		{D8E1F50B-52F6-4564-A110-7965E5D59D06}.Debug|x64.Build.0 = Debug|Any CPU
		{D8E1F50B-52F6-4564-A110-7965E5D59D06}.Debug|x86.ActiveCfg = Debug|Any CPU
		{D8E1F50B-52F6-4564-A110-7965E5D59D06}.Debug|x86.Build.0 = Debug|Any CPU
		{D8E1F50B-52F6-4564-A110-7965E5D59D06}.Release|Any CPU.ActiveCfg = Release|Any CPU
		{D8E1F50B-52F6-4564-A110-7965E5D59D06}.Release|Any CPU.Build.0 = Release|Any CPU
		{D8E1F50B-52F6-4564-A110-7965E5D59D06}.Release|x64.ActiveCfg = Release|Any CPU
		{D8E1F50B-52F6-4564-A110-7965E5D59D06}.Release|x64.Build.0 = Release|Any CPU
		{D8E1F50B-52F6-4564-A110-7965E5D59D06}.Release|x86.ActiveCfg = Release|Any CPU
		{D8E1F50B-52F6-4564-A110-7965E5D59D06}.Release|x86.Build.0 = Release|Any CPU
		{6B2E2B5D-7E9B-42E7-9781-FA7F28045629}.Debug|Any CPU.ActiveCfg = Debug|Any CPU
		{6B2E2B5D-7E9B-42E7-9781-FA7F28045629}.Debug|Any CPU.Build.0 = Debug|Any CPU
		{6B2E2B5D-7E9B-42E7-9781-FA7F28045629}.Debug|x64.ActiveCfg = Debug|Any CPU
		{6B2E2B5D-7E9B-42E7-9781-FA7F28045629}.Debug|x64.Build.0 = Debug|Any CPU
		{6B2E2B5D-7E9B-42E7-9781-FA7F28045629}.Debug|x86.ActiveCfg = Debug|Any CPU
		{6B2E2B5D-7E9B-42E7-9781-FA7F28045629}.Debug|x86.Build.0 = Debug|Any CPU
		{6B2E2B5D-7E9B-42E7-9781-FA7F28045629}.Release|Any CPU.ActiveCfg = Release|Any CPU
		{6B2E2B5D-7E9B-42E7-9781-FA7F28045629}.Release|Any CPU.Build.0 = Release|Any CPU
		{6B2E2B5D-7E9B-42E7-9781-FA7F28045629}.Release|x64.ActiveCfg = Release|Any CPU
		{6B2E2B5D-7E9B-42E7-9781-FA7F28045629}.Release|x64.Build.0 = Release|Any CPU
		{6B2E2B5D-7E9B-42E7-9781-FA7F28045629}.Release|x86.ActiveCfg = Release|Any CPU
		{6B2E2B5D-7E9B-42E7-9781-FA7F28045629}.Release|x86.Build.0 = Release|Any CPU
		{81261E0F-3D25-4215-A019-CDEA236C805F}.Debug|Any CPU.ActiveCfg = Debug|Any CPU
		{81261E0F-3D25-4215-A019-CDEA236C805F}.Debug|Any CPU.Build.0 = Debug|Any CPU
		{81261E0F-3D25-4215-A019-CDEA236C805F}.Debug|x64.ActiveCfg = Debug|Any CPU
		{81261E0F-3D25-4215-A019-CDEA236C805F}.Debug|x64.Build.0 = Debug|Any CPU
		{81261E0F-3D25-4215-A019-CDEA236C805F}.Debug|x86.ActiveCfg = Debug|Any CPU
		{81261E0F-3D25-4215-A019-CDEA236C805F}.Debug|x86.Build.0 = Debug|Any CPU
		{81261E0F-3D25-4215-A019-CDEA236C805F}.Release|Any CPU.ActiveCfg = Release|Any CPU
		{81261E0F-3D25-4215-A019-CDEA236C805F}.Release|Any CPU.Build.0 = Release|Any CPU
		{81261E0F-3D25-4215-A019-CDEA236C805F}.Release|x64.ActiveCfg = Release|Any CPU
		{81261E0F-3D25-4215-A019-CDEA236C805F}.Release|x64.Build.0 = Release|Any CPU
		{81261E0F-3D25-4215-A019-CDEA236C805F}.Release|x86.ActiveCfg = Release|Any CPU
		{81261E0F-3D25-4215-A019-CDEA236C805F}.Release|x86.Build.0 = Release|Any CPU
		{4DECDA33-C7A6-436E-BAAB-6BC28D5B29F9}.Debug|Any CPU.ActiveCfg = Debug|Any CPU
		{4DECDA33-C7A6-436E-BAAB-6BC28D5B29F9}.Debug|Any CPU.Build.0 = Debug|Any CPU
		{4DECDA33-C7A6-436E-BAAB-6BC28D5B29F9}.Debug|x64.ActiveCfg = Debug|Any CPU
		{4DECDA33-C7A6-436E-BAAB-6BC28D5B29F9}.Debug|x64.Build.0 = Debug|Any CPU
		{4DECDA33-C7A6-436E-BAAB-6BC28D5B29F9}.Debug|x86.ActiveCfg = Debug|Any CPU
		{4DECDA33-C7A6-436E-BAAB-6BC28D5B29F9}.Debug|x86.Build.0 = Debug|Any CPU
		{4DECDA33-C7A6-436E-BAAB-6BC28D5B29F9}.Release|Any CPU.ActiveCfg = Release|Any CPU
		{4DECDA33-C7A6-436E-BAAB-6BC28D5B29F9}.Release|Any CPU.Build.0 = Release|Any CPU
		{4DECDA33-C7A6-436E-BAAB-6BC28D5B29F9}.Release|x64.ActiveCfg = Release|Any CPU
		{4DECDA33-C7A6-436E-BAAB-6BC28D5B29F9}.Release|x64.Build.0 = Release|Any CPU
		{4DECDA33-C7A6-436E-BAAB-6BC28D5B29F9}.Release|x86.ActiveCfg = Release|Any CPU
		{4DECDA33-C7A6-436E-BAAB-6BC28D5B29F9}.Release|x86.Build.0 = Release|Any CPU
		{43F1DD8D-3AA9-4552-8056-3517661BA90F}.Debug|Any CPU.ActiveCfg = Debug|Any CPU
		{43F1DD8D-3AA9-4552-8056-3517661BA90F}.Debug|Any CPU.Build.0 = Debug|Any CPU
		{43F1DD8D-3AA9-4552-8056-3517661BA90F}.Debug|x64.ActiveCfg = Debug|Any CPU
		{43F1DD8D-3AA9-4552-8056-3517661BA90F}.Debug|x64.Build.0 = Debug|Any CPU
		{43F1DD8D-3AA9-4552-8056-3517661BA90F}.Debug|x86.ActiveCfg = Debug|Any CPU
		{43F1DD8D-3AA9-4552-8056-3517661BA90F}.Debug|x86.Build.0 = Debug|Any CPU
		{43F1DD8D-3AA9-4552-8056-3517661BA90F}.Release|Any CPU.ActiveCfg = Release|Any CPU
		{43F1DD8D-3AA9-4552-8056-3517661BA90F}.Release|Any CPU.Build.0 = Release|Any CPU
		{43F1DD8D-3AA9-4552-8056-3517661BA90F}.Release|x64.ActiveCfg = Release|Any CPU
		{43F1DD8D-3AA9-4552-8056-3517661BA90F}.Release|x64.Build.0 = Release|Any CPU
		{43F1DD8D-3AA9-4552-8056-3517661BA90F}.Release|x86.ActiveCfg = Release|Any CPU
		{43F1DD8D-3AA9-4552-8056-3517661BA90F}.Release|x86.Build.0 = Release|Any CPU
		{0D7AF6F5-0C3D-45B8-BCDC-6FEC787CD4C7}.Debug|Any CPU.ActiveCfg = Debug|Any CPU
		{0D7AF6F5-0C3D-45B8-BCDC-6FEC787CD4C7}.Debug|Any CPU.Build.0 = Debug|Any CPU
		{0D7AF6F5-0C3D-45B8-BCDC-6FEC787CD4C7}.Debug|x64.ActiveCfg = Debug|Any CPU
		{0D7AF6F5-0C3D-45B8-BCDC-6FEC787CD4C7}.Debug|x64.Build.0 = Debug|Any CPU
		{0D7AF6F5-0C3D-45B8-BCDC-6FEC787CD4C7}.Debug|x86.ActiveCfg = Debug|Any CPU
		{0D7AF6F5-0C3D-45B8-BCDC-6FEC787CD4C7}.Debug|x86.Build.0 = Debug|Any CPU
		{0D7AF6F5-0C3D-45B8-BCDC-6FEC787CD4C7}.Release|Any CPU.ActiveCfg = Release|Any CPU
		{0D7AF6F5-0C3D-45B8-BCDC-6FEC787CD4C7}.Release|Any CPU.Build.0 = Release|Any CPU
		{0D7AF6F5-0C3D-45B8-BCDC-6FEC787CD4C7}.Release|x64.ActiveCfg = Release|Any CPU
		{0D7AF6F5-0C3D-45B8-BCDC-6FEC787CD4C7}.Release|x64.Build.0 = Release|Any CPU
		{0D7AF6F5-0C3D-45B8-BCDC-6FEC787CD4C7}.Release|x86.ActiveCfg = Release|Any CPU
		{0D7AF6F5-0C3D-45B8-BCDC-6FEC787CD4C7}.Release|x86.Build.0 = Release|Any CPU
	EndGlobalSection
	GlobalSection(SolutionProperties) = preSolution
		HideSolutionNode = FALSE
	EndGlobalSection
	GlobalSection(NestedProjects) = preSolution
		{1CBB768C-543C-4673-A5ED-0E6D99A86ABE} = {489F6027-7F24-4A7C-8832-53AAF255E7F3}
		{489F6027-7F24-4A7C-8832-53AAF255E7F3} = {82E7CE1F-D0E2-486A-BE94-5AD0D0A9957C}
		{BBB6C910-FE05-4E4E-81E3-BD1C92544E8A} = {87EEED14-D582-4723-AB6F-08130B778033}
		{82E7CE1F-D0E2-486A-BE94-5AD0D0A9957C} = {87EEED14-D582-4723-AB6F-08130B778033}
		{4D7F6C53-E85B-4CCF-88D8-A6836D6EF2E5} = {87EEED14-D582-4723-AB6F-08130B778033}
		{5C29BCD4-54C1-496D-84BE-35C5C65E032B} = {82E7CE1F-D0E2-486A-BE94-5AD0D0A9957C}
		{A87661EC-77E0-4F8F-8946-F9373C3E8638} = {82E7CE1F-D0E2-486A-BE94-5AD0D0A9957C}
		{AAA63897-D232-4E10-97B0-408C1C7D05A2} = {82E7CE1F-D0E2-486A-BE94-5AD0D0A9957C}
		{D8E1F50B-52F6-4564-A110-7965E5D59D06} = {AAA63897-D232-4E10-97B0-408C1C7D05A2}
		{6B2E2B5D-7E9B-42E7-9781-FA7F28045629} = {5C29BCD4-54C1-496D-84BE-35C5C65E032B}
		{81261E0F-3D25-4215-A019-CDEA236C805F} = {A87661EC-77E0-4F8F-8946-F9373C3E8638}
		{4DECDA33-C7A6-436E-BAAB-6BC28D5B29F9} = {A87661EC-77E0-4F8F-8946-F9373C3E8638}
		{43F1DD8D-3AA9-4552-8056-3517661BA90F} = {A87661EC-77E0-4F8F-8946-F9373C3E8638}
		{0D7AF6F5-0C3D-45B8-BCDC-6FEC787CD4C7} = {A87661EC-77E0-4F8F-8946-F9373C3E8638}
	EndGlobalSection
	GlobalSection(ExtensibilityGlobals) = postSolution
		SolutionGuid = {38AD9C5A-85AC-4FD1-8B9F-4EA566836B04}
	EndGlobalSection
EndGlobal
